hash: b8baf08b5d87674648d07e9ae80d9bf432a5ba031f197d42c69d197cd27101f3
updated: 2016-11-23T10:28:18.563418464-08:00
imports:
- name: github.com/beorn7/perks
  version: 4c0e84591b9aa9e6dcfdf3e020114cd81f89d5f9
  subpackages:
  - quantile
- name: github.com/boltdb/bolt
  version: 583e8937c61f1af6513608ccc75c97b6abdf4ff9
- name: github.com/cockroachdb/cmux
  version: 112f0506e7743d64a6eb8fedbcff13d9979bbf92
- name: github.com/coreos/etcd
  version: aea9c6668fdc95fecacfabdc46e9c3f9b840ac94
  subpackages:
  - alarm
  - auth
  - auth/authpb
  - client
  - clientv3
  - compactor
  - discovery
  - embed
  - error
  - etcdserver
  - etcdserver/api
  - etcdserver/api/v2http
  - etcdserver/api/v2http/httptypes
  - etcdserver/api/v3rpc
  - etcdserver/api/v3rpc/rpctypes
  - etcdserver/auth
  - etcdserver/etcdserverpb
  - etcdserver/membership
  - etcdserver/stats
  - lease
  - lease/leasehttp
  - lease/leasepb
  - mvcc
  - mvcc/backend
  - mvcc/mvccpb
  - pkg/adt
  - pkg/contention
  - pkg/cors
  - pkg/crc
  - pkg/fileutil
  - pkg/httputil
  - pkg/idutil
  - pkg/ioutil
  - pkg/logutil
  - pkg/netutil
  - pkg/pathutil
  - pkg/pbutil
  - pkg/runtime
  - pkg/schedule
  - pkg/tlsutil
  - pkg/transport
  - pkg/types
  - pkg/wait
  - raft
  - raft/raftpb
  - rafthttp
  - snap
  - snap/snappb
  - store
  - version
  - wal
  - wal/walpb
- name: github.com/coreos/go-semver
  version: 568e959cd89871e61434c1143528d9162da89ef2
  subpackages:
  - semver
- name: github.com/coreos/go-systemd
  version: bfdc81d0d7e0fb19447b08571f63b774495251ce
  subpackages:
  - journal
- name: github.com/coreos/pkg
  version: 447b7ec906e523386d9c53be15b55a8ae86ea944
  subpackages:
  - capnslog
- name: github.com/dustin/go-humanize
  version: bd88f87ad3a420f7bcf05e90566fd1ceb351fa7f
- name: github.com/ghodss/yaml
  version: 73d445a93680fa1a78ae23a5839bad48f32ba1ee
- name: github.com/go-sql-driver/mysql
  version: 665b83488b90b902ce0a305ef6652e599771cdf9
- name: github.com/gogo/protobuf
  version: 8d70fb3182befc465c4a1eac8ad4d38ff49778e2
  subpackages:
  - proto
- name: github.com/golang/protobuf
  version: 4bd1920723d7b7c925de087aa32e2187708897f7
  subpackages:
  - jsonpb
  - proto
- name: github.com/google/btree
  version: 925471ac9e2131377a91e1595defec898166fe49
- name: github.com/grpc-ecosystem/go-grpc-prometheus
  version: 6b7015e65d366bf3f19b2b2a000a831940f0f7e0
- name: github.com/grpc-ecosystem/grpc-gateway
  version: 84398b94e188ee336f307779b57b3aa91af7063c
  subpackages:
  - runtime
  - runtime/internal
  - utilities
- name: github.com/inconshreveable/mousetrap
  version: 76626ae9c91c4f2a10f34cad8ce83ea42c93bb75
- name: github.com/jonboulle/clockwork
  version: 2eee05ed794112d45db504eb05aa693efd2b8b09
- name: github.com/matttproud/golang_protobuf_extensions
  version: c12348ce28de40eed0136aa2b644d0ee0650e56c
  subpackages:
  - pbutil
- name: github.com/prometheus/client_golang
  version: e51041b3fa41cece0dca035740ba6411905be473
  subpackages:
  - prometheus
- name: github.com/prometheus/client_model
  version: fa8ad6fec33561be4280a8f0514318c79d7f6cb6
  subpackages:
  - go
- name: github.com/prometheus/common
  version: 0d5de9d6d8629cb8bee6d4674da4127cd8b615a3
  subpackages:
  - expfmt
  - internal/bitbucket.org/ww/goautoneg
  - model
- name: github.com/prometheus/procfs
  version: abf152e5f3e97f2fafac028d2cc06c1feb87ffa5
- name: github.com/spf13/cobra
  version: 9495bc009a56819bdb0ddbc1a373e29c140bc674
- name: github.com/spf13/pflag
  version: 5ccb023bc27df288a957c5e994cd44fd19619465
- name: github.com/ugorji/go
  version: f1f1a805ed361a0e078bb537e4ea78cd37dcf065
  subpackages:
  - codec
- name: github.com/xiang90/probing
  version: 07dd2e8dfe18522e9c447ba95f2fe95262f63bb2
- name: golang.org/x/crypto
  version: 1351f936d976c60a0a48d728281922cf63eafb8d
  subpackages:
  - bcrypt
  - blowfish
- name: golang.org/x/net
  version: 6acef71eb69611914f7a30939ea9f6e194c78172
  subpackages:
  - context
  - http2
  - http2/hpack
  - internal/timeseries
  - trace
- name: golang.org/x/sys
  version: 30237cf4eefd639b184d1f2cb77a581ea0be8947
  subpackages:
  - unix
- name: golang.org/x/time
  version: 711ca1cb87636abec28122ef3bc6a77269d433f3
  subpackages:
  - rate
- name: google.golang.org/grpc
  version: 777daa17ff9b5daef1cfdf915088a2ada3332bf0
  subpackages:
  - codes
  - credentials
  - grpclog
  - internal
  - metadata
  - naming
  - peer
  - transport
- name: gopkg.in/yaml.v2
  version: 53feefa2559fb8dfa8d81baad31be332c97d6c77
testImports: []
