hash: 6dfe0aea7b0413b40d58099f794bc9517d1e8b2c6ed73caa5989127cd738d0d7
updated: 2016-10-10T02:08:30.420516337-07:00
imports:
- name: bitbucket.org/ww/goautoneg
  version: 75cd24fc2f2c2a2088577d12123ddee5f54e0675
- name: github.com/beorn7/perks
  version: b965b613227fddccbfffe13eae360ed3fa822f8d
  subpackages:
  - quantile
- name: github.com/boltdb/bolt
  version: 583e8937c61f1af6513608ccc75c97b6abdf4ff9
- name: github.com/cockroachdb/cmux
  version: 112f0506e7743d64a6eb8fedbcff13d9979bbf92
- name: github.com/coreos/etcd
  version: ac4d39cfb05df83b958c87df34bca5b668696e94
  subpackages:
  - alarm
  - auth
  - auth/authpb
  - client
  - clientv3
  - compactor
  - discovery
  - embed
  - error
  - etcdserver
  - etcdserver/api
  - etcdserver/api/v2http
  - etcdserver/api/v2http/httptypes
  - etcdserver/api/v3rpc
  - etcdserver/api/v3rpc/rpctypes
  - etcdserver/auth
  - etcdserver/etcdserverpb
  - etcdserver/membership
  - etcdserver/stats
  - lease
  - lease/leasehttp
  - lease/leasepb
  - mvcc
  - mvcc/backend
  - mvcc/mvccpb
  - pkg/adt
  - pkg/contention
  - pkg/cors
  - pkg/crc
  - pkg/fileutil
  - pkg/httputil
  - pkg/idutil
  - pkg/ioutil
  - pkg/logutil
  - pkg/netutil
  - pkg/pathutil
  - pkg/pbutil
  - pkg/runtime
  - pkg/schedule
  - pkg/tlsutil
  - pkg/transport
  - pkg/types
  - pkg/wait
  - raft
  - raft/raftpb
  - rafthttp
  - snap
  - snap/snappb
  - store
  - version
  - wal
  - wal/walpb
- name: github.com/coreos/go-semver
  version: 568e959cd89871e61434c1143528d9162da89ef2
  subpackages:
  - semver
- name: github.com/coreos/go-systemd
  version: a63dfec412dc3675ec36888f359f8a1e5c3f740d
  subpackages:
  - journal
- name: github.com/coreos/pkg
  version: 3ac0863d7acf3bc44daf49afef8919af12f704ef
  subpackages:
  - capnslog
- name: github.com/dustin/go-humanize
  version: bd88f87ad3a420f7bcf05e90566fd1ceb351fa7f
- name: github.com/ghodss/yaml
  version: 73d445a93680fa1a78ae23a5839bad48f32ba1ee
- name: github.com/gogo/protobuf
  version: e18d7aa8f8c624c915db340349aad4c49b10d173
  subpackages:
  - proto
- name: github.com/golang/protobuf
  version: 8616e8ee5e20a1704615e6c8d7afcdac06087a67
  subpackages:
  - jsonpb
  - proto
- name: github.com/google/btree
  version: 7364763242911ab6d418d2722e237194938ebad0
- name: github.com/grpc-ecosystem/grpc-gateway
  version: f52d055dc48aec25854ed7d31862f78913cf17d1
  subpackages:
  - runtime
  - runtime/internal
  - utilities
- name: github.com/jonboulle/clockwork
  version: 2eee05ed794112d45db504eb05aa693efd2b8b09
- name: github.com/matttproud/golang_protobuf_extensions
  version: fc2b8d3a73c4867e51861bbdd5ae3c1f0869dd6a
  subpackages:
  - pbutil
- name: github.com/prometheus/client_golang
  version: e51041b3fa41cece0dca035740ba6411905be473
  subpackages:
  - prometheus
- name: github.com/prometheus/client_model
  version: fa8ad6fec33561be4280a8f0514318c79d7f6cb6
  subpackages:
  - go
- name: github.com/prometheus/common
  version: ffe929a3f4c4faeaa10f2b9535c2b1be3ad15650
  subpackages:
  - expfmt
  - model
- name: github.com/prometheus/procfs
  version: 454a56f35412459b5e684fd5ec0f9211b94f002a
- name: github.com/ugorji/go
  version: f1f1a805ed361a0e078bb537e4ea78cd37dcf065
  subpackages:
  - codec
- name: github.com/xiang90/probing
  version: 07dd2e8dfe18522e9c447ba95f2fe95262f63bb2
- name: golang.org/x/crypto
  version: 1351f936d976c60a0a48d728281922cf63eafb8d
  subpackages:
  - bcrypt
  - blowfish
- name: golang.org/x/net
  version: 6acef71eb69611914f7a30939ea9f6e194c78172
  subpackages:
  - context
  - http2
  - http2/hpack
  - internal/timeseries
  - trace
- name: golang.org/x/sys
  version: 9c60d1c508f5134d1ca726b4641db998f2523357
  subpackages:
  - unix
- name: golang.org/x/time
  version: 711ca1cb87636abec28122ef3bc6a77269d433f3
  subpackages:
  - rate
- name: google.golang.org/grpc
  version: 231b4cfea0e79843053a33f5fe90bd4d84b23cd3
  subpackages:
  - codes
  - credentials
  - grpclog
  - internal
  - metadata
  - naming
  - peer
  - transport
- name: gopkg.in/yaml.v2
  version: 53feefa2559fb8dfa8d81baad31be332c97d6c77
testImports: []
